
Microsoft Visual Studio Solution File, Format Version 12.00
# Visual Studio 14
VisualStudioVersion = 14.0.25420.1
MinimumVisualStudioVersion = 10.0.40219.1
Project("{FAE04EC0-301F-11D3-BF4B-00C04F79EFBC}") = "Serdan", "Aires\Serdan.csproj", "{239A581C-CEF3-4ABF-A59B-70B349AD035F}"
EndProject
Project("{2150E333-8FDC-42A3-9474-1A3956D46DE8}") = "UI", "UI", "{6090EE9F-4463-4F43-93C0-2844A7683808}"
EndProject
Project("{2150E333-8FDC-42A3-9474-1A3956D46DE8}") = "DATA", "DATA", "{183F1C8D-149A-4420-9B92-BB84A095CBFE}"
EndProject
Project("{2150E333-8FDC-42A3-9474-1A3956D46DE8}") = "BUSINESS", "BUSINESS", "{FD0E2E5C-E20A-4C90-912C-6A1389E0C5AC}"
EndProject
Project("{FAE04EC0-301F-11D3-BF4B-00C04F79EFBC}") = "SerdanDatos", "AiresDatos\SerdanDatos.csproj", "{7604044F-2B51-430D-A40C-EFAA536CFEBC}"
EndProject
Project("{FAE04EC0-301F-11D3-BF4B-00C04F79EFBC}") = "SerdanNegocio", "AiresNegocio\SerdanNegocio.csproj", "{B0B0069A-C1CD-419B-A505-DB0400956583}"
EndProject
Project("{FAE04EC0-301F-11D3-BF4B-00C04F79EFBC}") = "SerdanEntidades", "AiresEntidades\SerdanEntidades.csproj", "{5308D57C-05C8-495A-B18B-51A361A786E1}"
EndProject
Project("{FAE04EC0-301F-11D3-BF4B-00C04F79EFBC}") = "SerdanUtilerias", "AiresUtilerias\SerdanUtilerias.csproj", "{02A506C1-5B69-48EF-97A0-3CB0FD718B91}"
EndProject
Project("{FAE04EC0-301F-11D3-BF4B-00C04F79EFBC}") = "WSConecFM", "WSConecFM\WSConecFM.csproj", "{274A24FE-64EE-4B9E-9F5A-20A6033298AA}"
EndProject
Global
	GlobalSection(SolutionConfigurationPlatforms) = preSolution
		Debug|Any CPU = Debug|Any CPU
		Release|Any CPU = Release|Any CPU
	EndGlobalSection
	GlobalSection(ProjectConfigurationPlatforms) = postSolution
		{239A581C-CEF3-4ABF-A59B-70B349AD035F}.Debug|Any CPU.ActiveCfg = Debug|Any CPU
		{239A581C-CEF3-4ABF-A59B-70B349AD035F}.Debug|Any CPU.Build.0 = Debug|Any CPU
		{239A581C-CEF3-4ABF-A59B-70B349AD035F}.Release|Any CPU.ActiveCfg = Release|Any CPU
		{239A581C-CEF3-4ABF-A59B-70B349AD035F}.Release|Any CPU.Build.0 = Release|Any CPU
		{7604044F-2B51-430D-A40C-EFAA536CFEBC}.Debug|Any CPU.ActiveCfg = Debug|Any CPU
		{7604044F-2B51-430D-A40C-EFAA536CFEBC}.Debug|Any CPU.Build.0 = Debug|Any CPU
		{7604044F-2B51-430D-A40C-EFAA536CFEBC}.Release|Any CPU.ActiveCfg = Release|Any CPU
		{7604044F-2B51-430D-A40C-EFAA536CFEBC}.Release|Any CPU.Build.0 = Release|Any CPU
		{B0B0069A-C1CD-419B-A505-DB0400956583}.Debug|Any CPU.ActiveCfg = Debug|Any CPU
		{B0B0069A-C1CD-419B-A505-DB0400956583}.Debug|Any CPU.Build.0 = Debug|Any CPU
		{B0B0069A-C1CD-419B-A505-DB0400956583}.Release|Any CPU.ActiveCfg = Release|Any CPU
		{B0B0069A-C1CD-419B-A505-DB0400956583}.Release|Any CPU.Build.0 = Release|Any CPU
		{5308D57C-05C8-495A-B18B-51A361A786E1}.Debug|Any CPU.ActiveCfg = Debug|Any CPU
		{5308D57C-05C8-495A-B18B-51A361A786E1}.Debug|Any CPU.Build.0 = Debug|Any CPU
		{5308D57C-05C8-495A-B18B-51A361A786E1}.Release|Any CPU.ActiveCfg = Release|Any CPU
		{5308D57C-05C8-495A-B18B-51A361A786E1}.Release|Any CPU.Build.0 = Release|Any CPU
		{02A506C1-5B69-48EF-97A0-3CB0FD718B91}.Debug|Any CPU.ActiveCfg = Debug|Any CPU
		{02A506C1-5B69-48EF-97A0-3CB0FD718B91}.Debug|Any CPU.Build.0 = Debug|Any CPU
		{02A506C1-5B69-48EF-97A0-3CB0FD718B91}.Release|Any CPU.ActiveCfg = Release|Any CPU
		{02A506C1-5B69-48EF-97A0-3CB0FD718B91}.Release|Any CPU.Build.0 = Release|Any CPU
		{274A24FE-64EE-4B9E-9F5A-20A6033298AA}.Debug|Any CPU.ActiveCfg = Debug|Any CPU
		{274A24FE-64EE-4B9E-9F5A-20A6033298AA}.Debug|Any CPU.Build.0 = Debug|Any CPU
		{274A24FE-64EE-4B9E-9F5A-20A6033298AA}.Release|Any CPU.ActiveCfg = Release|Any CPU
		{274A24FE-64EE-4B9E-9F5A-20A6033298AA}.Release|Any CPU.Build.0 = Release|Any CPU
	EndGlobalSection
	GlobalSection(SolutionProperties) = preSolution
		HideSolutionNode = FALSE
	EndGlobalSection
	GlobalSection(NestedProjects) = preSolution
		{239A581C-CEF3-4ABF-A59B-70B349AD035F} = {6090EE9F-4463-4F43-93C0-2844A7683808}
		{7604044F-2B51-430D-A40C-EFAA536CFEBC} = {183F1C8D-149A-4420-9B92-BB84A095CBFE}
		{B0B0069A-C1CD-419B-A505-DB0400956583} = {FD0E2E5C-E20A-4C90-912C-6A1389E0C5AC}
		{5308D57C-05C8-495A-B18B-51A361A786E1} = {FD0E2E5C-E20A-4C90-912C-6A1389E0C5AC}
		{02A506C1-5B69-48EF-97A0-3CB0FD718B91} = {FD0E2E5C-E20A-4C90-912C-6A1389E0C5AC}
		{274A24FE-64EE-4B9E-9F5A-20A6033298AA} = {FD0E2E5C-E20A-4C90-912C-6A1389E0C5AC}
	EndGlobalSection
EndGlobal
